dependencies:
- name: controller
  repository: file://./controller
  version: 0.0.1
- name: redis
  repository: file://./redis
  version: 0.1.0
- name: envhub
  repository: file://./envhub
  version: 0.0.1
- name: api-service
  repository: file://./api-service
  version: 0.0.1
- name: api-service
  repository: file://./api-service
  version: 0.0.1
digest: sha256:d8cde747fdada74e8ef391a9dba4b459469d7854454856888eab3bb97c8e2fa7
generated: "2026-02-27T16:59:03.91986+08:00"
