dependencies:
- name: controller
  repository: file://./controller
  version: 0.0.1
- name: redis
  repository: file://./redis
  version: 0.1.0
- name: envhub
  repository: file://./envhub
  version: 0.0.1
- name: api-service
  repository: file://./api-service
  version: 0.0.1
- name: api-service
  repository: file://./api-service
  version: 0.0.1
- name: redis-cluster
  repository: file://./redis-cluster
  version: 0.1.0
digest: sha256:5f908a18003015d6631b90b3e493951240862330b3eadb0fbef4510995f36e35
generated: "2026-02-12T16:07:57.923642+08:00"
